
Microsoft Visual Studio Solution File, Format Version 12.00
# Visual Studio 15
VisualStudioVersion = 15.0.27703.2035
MinimumVisualStudioVersion = 10.0.40219.1
Project("{E24C65DC-7377-472B-9ABA-BC803B73C61A}") = "WebSiteDemoGit", "WebSiteDemoGit\", "{FA832E8C-A5BF-4AC5-AB65-FB26E5E52E4B}"
	ProjectSection(WebsiteProperties) = preProject
		TargetFrameworkMoniker = ".NETFramework,Version%3Dv4.7.1"
		Debug.AspNetCompiler.VirtualPath = "/localhost_50319"
		Debug.AspNetCompiler.PhysicalPath = "WebSiteDemoGit\"
		Debug.AspNetCompiler.TargetPath = "PrecompiledWeb\localhost_50319\"
		Debug.AspNetCompiler.Updateable = "true"
		Debug.AspNetCompiler.ForceOverwrite = "true"
		Debug.AspNetCompiler.FixedNames = "false"
		Debug.AspNetCompiler.Debug = "True"
		Release.AspNetCompiler.VirtualPath = "/localhost_50319"
		Release.AspNetCompiler.PhysicalPath = "WebSiteDemoGit\"
		Release.AspNetCompiler.TargetPath = "PrecompiledWeb\localhost_50319\"
		Release.AspNetCompiler.Updateable = "true"
		Release.AspNetCompiler.ForceOverwrite = "true"
		Release.AspNetCompiler.FixedNames = "false"
		Release.AspNetCompiler.Debug = "False"
		VWDPort = "50319"
		SlnRelativePath = "WebSiteDemoGit\"
		DefaultWebSiteLanguage = "Visual Basic"
	EndProjectSection
EndProject
Global
	GlobalSection(SolutionConfigurationPlatforms) = preSolution
		Debug|Any CPU = Debug|Any CPU
	EndGlobalSection
	GlobalSection(ProjectConfigurationPlatforms) = postSolution
		{FA832E8C-A5BF-4AC5-AB65-FB26E5E52E4B}.Debug|Any CPU.ActiveCfg = Debug|Any CPU
		{FA832E8C-A5BF-4AC5-AB65-FB26E5E52E4B}.Debug|Any CPU.Build.0 = Debug|Any CPU
	EndGlobalSection
	GlobalSection(SolutionProperties) = preSolution
		HideSolutionNode = FALSE
	EndGlobalSection
	GlobalSection(ExtensibilityGlobals) = postSolution
		SolutionGuid = {131E0E18-4A7B-4679-B555-953E90C2A66A}
	EndGlobalSection
EndGlobal
